
Microsoft Visual Studio Solution File, Format Version 12.00
# Visual Studio 2017
Project("{FAE04EC0-301F-11D3-BF4B-00C04F79EFBC}") = "SplineMesh", "SplineMesh.csproj", "{FD20F49C-6363-4161-9EEE-8D83B41E911A}"
EndProject
Project("{FAE04EC0-301F-11D3-BF4B-00C04F79EFBC}") = "SplineMesh.Editor", "SplineMesh.Editor.csproj", "{9FC557F5-074F-704B-38F3-789392DE9983}"
EndProject
Global
	GlobalSection(SolutionConfigurationPlatforms) = preSolution
		Debug|Any CPU = Debug|Any CPU
		Release|Any CPU = Release|Any CPU
	EndGlobalSection
	GlobalSection(ProjectConfigurationPlatforms) = postSolution
		{FD20F49C-6363-4161-9EEE-8D83B41E911A}.Debug|Any CPU.ActiveCfg = Debug|Any CPU
		{FD20F49C-6363-4161-9EEE-8D83B41E911A}.Debug|Any CPU.Build.0 = Debug|Any CPU
		{FD20F49C-6363-4161-9EEE-8D83B41E911A}.Release|Any CPU.ActiveCfg = Release|Any CPU
		{FD20F49C-6363-4161-9EEE-8D83B41E911A}.Release|Any CPU.Build.0 = Release|Any CPU
		{9FC557F5-074F-704B-38F3-789392DE9983}.Debug|Any CPU.ActiveCfg = Debug|Any CPU
		{9FC557F5-074F-704B-38F3-789392DE9983}.Debug|Any CPU.Build.0 = Debug|Any CPU
		{9FC557F5-074F-704B-38F3-789392DE9983}.Release|Any CPU.ActiveCfg = Release|Any CPU
		{9FC557F5-074F-704B-38F3-789392DE9983}.Release|Any CPU.Build.0 = Release|Any CPU
	EndGlobalSection
	GlobalSection(SolutionProperties) = preSolution
		HideSolutionNode = FALSE
	EndGlobalSection
EndGlobal
